dependencies:
- name: frontend
  repository: file://charts/frontend
  version: 0.1.0
- name: backend
  repository: file://charts/backend
  version: 0.1.0
- name: postgres
  repository: file://charts/postgres
  version: 0.1.0
- name: qdrant
  repository: file://charts/qdrant
  version: 0.1.0
digest: sha256:c2264bd4bcfdecfde3c32a18f848156dd489de65f1e1eb5eca2e8f8cad347bc8
generated: "2025-11-30T00:55:33.820180402+05:30"
